// !$*UTF8*$!
{
	archiveVersion = 1;
	classes = {
	};
	objectVersion = 50;
	objects = {

/* Begin PBXBuildFile section */
		801C464124940E6D005B5124 /* Alerta.swift in Sources */ = {isa = PBXBuildFile; fileRef = 801C464024940E6D005B5124 /* Alerta.swift */; };
		801C4643249422DE005B5124 /* RemoveRefeicaoViewController.swift in Sources */ = {isa = PBXBuildFile; fileRef = 801C4642249422DE005B5124 /* RemoveRefeicaoViewController.swift */; };
		80862EA9245A2D8F00C77EBB /* Refeicao.swift in Sources */ = {isa = PBXBuildFile; fileRef = 80862EA8245A2D8F00C77EBB /* Refeicao.swift */; };
		80862EAD245A2ECD00C77EBB /* Item.swift in Sources */ = {isa = PBXBuildFile; fileRef = 80862EAC245A2ECD00C77EBB /* Item.swift */; };
		8097940924916F1300F42B45 /* RefeicoesTableViewController.swift in Sources */ = {isa = PBXBuildFile; fileRef = 8097940824916F1300F42B45 /* RefeicoesTableViewController.swift */; };
		80C17B11249A59E5002D344B /* RefeicaoDao.swift in Sources */ = {isa = PBXBuildFile; fileRef = 80C17B10249A59E5002D344B /* RefeicaoDao.swift */; };
		80CE6447245781110084A38B /* AppDelegate.swift in Sources */ = {isa = PBXBuildFile; fileRef = 80CE6446245781110084A38B /* AppDelegate.swift */; };
		80CE6449245781110084A38B /* SceneDelegate.swift in Sources */ = {isa = PBXBuildFile; fileRef = 80CE6448245781110084A38B /* SceneDelegate.swift */; };
		80CE644B245781110084A38B /* ViewController.swift in Sources */ = {isa = PBXBuildFile; fileRef = 80CE644A245781110084A38B /* ViewController.swift */; };
		80CE644E245781110084A38B /* Main.storyboard in Resources */ = {isa = PBXBuildFile; fileRef = 80CE644C245781110084A38B /* Main.storyboard */; };
		80CE6450245781130084A38B /* Assets.xcassets in Resources */ = {isa = PBXBuildFile; fileRef = 80CE644F245781130084A38B /* Assets.xcassets */; };
		80CE6453245781130084A38B /* LaunchScreen.storyboard in Resources */ = {isa = PBXBuildFile; fileRef = 80CE6451245781130084A38B /* LaunchScreen.storyboard */; };
		80FB110B2492849B00959020 /* AdicionarItensViewController.swift in Sources */ = {isa = PBXBuildFile; fileRef = 80FB11092492849B00959020 /* AdicionarItensViewController.swift */; };
		80FB110C2492849B00959020 /* AdicionarItensViewController.xib in Resources */ = {isa = PBXBuildFile; fileRef = 80FB110A2492849B00959020 /* AdicionarItensViewController.xib */; };
/* End PBXBuildFile section */

/* Begin PBXFileReference section */
		801C464024940E6D005B5124 /* Alerta.swift */ = {isa = PBXFileReference; lastKnownFileType = sourcecode.swift; path = Alerta.swift; sourceTree = "<group>"; };
		801C4642249422DE005B5124 /* RemoveRefeicaoViewController.swift */ = {isa = PBXFileReference; lastKnownFileType = sourcecode.swift; path = RemoveRefeicaoViewController.swift; sourceTree = "<group>"; };
		80862EA7245A21DF00C77EBB /* MyPlayground.playground */ = {isa = PBXFileReference; lastKnownFileType = file.playground; path = MyPlayground.playground; sourceTree = "<group>"; xcLanguageSpecificationIdentifier = xcode.lang.swift; };
		80862EA8245A2D8F00C77EBB /* Refeicao.swift */ = {isa = PBXFileReference; lastKnownFileType = sourcecode.swift; path = Refeicao.swift; sourceTree = "<group>"; };
		80862EAC245A2ECD00C77EBB /* Item.swift */ = {isa = PBXFileReference; lastKnownFileType = sourcecode.swift; path = Item.swift; sourceTree = "<group>"; };
		8097940824916F1300F42B45 /* RefeicoesTableViewController.swift */ = {isa = PBXFileReference; lastKnownFileType = sourcecode.swift; path = RefeicoesTableViewController.swift; sourceTree = "<group>"; };
		80C17B10249A59E5002D344B /* RefeicaoDao.swift */ = {isa = PBXFileReference; lastKnownFileType = sourcecode.swift; path = RefeicaoDao.swift; sourceTree = "<group>"; };
		80CE6443245781110084A38B /* eggplant-brownie.app */ = {isa = PBXFileReference; explicitFileType = wrapper.application; includeInIndex = 0; path = "eggplant-brownie.app"; sourceTree = BUILT_PRODUCTS_DIR; };
		80CE6446245781110084A38B /* AppDelegate.swift */ = {isa = PBXFileReference; lastKnownFileType = sourcecode.swift; path = AppDelegate.swift; sourceTree = "<group>"; };
		80CE6448245781110084A38B /* SceneDelegate.swift */ = {isa = PBXFileReference; lastKnownFileType = sourcecode.swift; path = SceneDelegate.swift; sourceTree = "<group>"; };
		80CE644A245781110084A38B /* ViewController.swift */ = {isa = PBXFileReference; lastKnownFileType = sourcecode.swift; path = ViewController.swift; sourceTree = "<group>"; };
		80CE644D245781110084A38B /* Base */ = {isa = PBXFileReference; lastKnownFileType = file.storyboard; name = Base; path = Base.lproj/Main.storyboard; sourceTree = "<group>"; };
		80CE644F245781130084A38B /* Assets.xcassets */ = {isa = PBXFileReference; lastKnownFileType = folder.assetcatalog; path = Assets.xcassets; sourceTree = "<group>"; };
		80CE6452245781130084A38B /* Base */ = {isa = PBXFileReference; lastKnownFileType = file.storyboard; name = Base; path = Base.lproj/LaunchScreen.storyboard; sourceTree = "<group>"; };
		80CE6454245781130084A38B /* Info.plist */ = {isa = PBXFileReference; lastKnownFileType = text.plist.xml; path = Info.plist; sourceTree = "<group>"; };
		80FB11092492849B00959020 /* AdicionarItensViewController.swift */ = {isa = PBXFileReference; lastKnownFileType = sourcecode.swift; path = AdicionarItensViewController.swift; sourceTree = "<group>"; };
		80FB110A2492849B00959020 /* AdicionarItensViewController.xib */ = {isa = PBXFileReference; lastKnownFileType = file.xib; path = AdicionarItensViewController.xib; sourceTree = "<group>"; };
/* End PBXFileReference section */

/* Begin PBXFrameworksBuildPhase section */
		80CE6440245781110084A38B /* Frameworks */ = {
			isa = PBXFrameworksBuildPhase;
			buildActionMask = 2147483647;
			files = (
			);
			runOnlyForDeploymentPostprocessing = 0;
		};
/* End PBXFrameworksBuildPhase section */

/* Begin PBXGroup section */
		80862EAE245A2FA400C77EBB /* Models */ = {
			isa = PBXGroup;
			children = (
				80862EAC245A2ECD00C77EBB /* Item.swift */,
				80862EA8245A2D8F00C77EBB /* Refeicao.swift */,
				801C464024940E6D005B5124 /* Alerta.swift */,
				80C17B10249A59E5002D344B /* RefeicaoDao.swift */,
			);
			path = Models;
			sourceTree = "<group>";
		};
		80862EAF245A2FB700C77EBB /* Controllers */ = {
			isa = PBXGroup;
			children = (
				80FB11092492849B00959020 /* AdicionarItensViewController.swift */,
				80CE644A245781110084A38B /* ViewController.swift */,
				8097940824916F1300F42B45 /* RefeicoesTableViewController.swift */,
				801C4642249422DE005B5124 /* RemoveRefeicaoViewController.swift */,
			);
			path = Controllers;
			sourceTree = "<group>";
		};
		80862EB0245A2FE100C77EBB /* Views */ = {
			isa = PBXGroup;
			children = (
				80CE644C245781110084A38B /* Main.storyboard */,
				80FB110A2492849B00959020 /* AdicionarItensViewController.xib */,
			);
			path = Views;
			sourceTree = "<group>";
		};
		80CE643A245781110084A38B = {
			isa = PBXGroup;
			children = (
				80CE6445245781110084A38B /* eggplant-brownie */,
				80CE6444245781110084A38B /* Products */,
			);
			sourceTree = "<group>";
		};
		80CE6444245781110084A38B /* Products */ = {
			isa = PBXGroup;
			children = (
				80CE6443245781110084A38B /* eggplant-brownie.app */,
			);
			name = Products;
			sourceTree = "<group>";
		};
		80CE6445245781110084A38B /* eggplant-brownie */ = {
			isa = PBXGroup;
			children = (
				80862EAE245A2FA400C77EBB /* Models */,
				80862EB0245A2FE100C77EBB /* Views */,
				80862EAF245A2FB700C77EBB /* Controllers */,
				80862EA7245A21DF00C77EBB /* MyPlayground.playground */,
				80CE6446245781110084A38B /* AppDelegate.swift */,
				80CE6448245781110084A38B /* SceneDelegate.swift */,
				80CE644F245781130084A38B /* Assets.xcassets */,
				80CE6451245781130084A38B /* LaunchScreen.storyboard */,
				80CE6454245781130084A38B /* Info.plist */,
			);
			path = "eggplant-brownie";
			sourceTree = "<group>";
		};
/* End PBXGroup section */

/* Begin PBXNativeTarget section */
		80CE6442245781110084A38B /* eggplant-brownie */ = {
			isa = PBXNativeTarget;
			buildConfigurationList = 80CE6457245781130084A38B /* Build configuration list for PBXNativeTarget "eggplant-brownie" */;
			buildPhases = (
				80CE643F245781110084A38B /* Sources */,
				80CE6440245781110084A38B /* Frameworks */,
				80CE6441245781110084A38B /* Resources */,
			);
			buildRules = (
			);
			dependencies = (
			);
			name = "eggplant-brownie";
			productName = "eggplant-brownie";
			productReference = 80CE6443245781110084A38B /* eggplant-brownie.app */;
			productType = "com.apple.product-type.application";
		};
/* End PBXNativeTarget section */

/* Begin PBXProject section */
		80CE643B245781110084A38B /* Project object */ = {
			isa = PBXProject;
			attributes = {
				LastSwiftUpdateCheck = 1140;
				LastUpgradeCheck = 1140;
				ORGANIZATIONNAME = MarcioVCampos;
				TargetAttributes = {
					80CE6442245781110084A38B = {
						CreatedOnToolsVersion = 11.4.1;
					};
				};
			};
			buildConfigurationList = 80CE643E245781110084A38B /* Build configuration list for PBXProject "eggplant-brownie" */;
			compatibilityVersion = "Xcode 9.3";
			developmentRegion = en;
			hasScannedForEncodings = 0;
			knownRegions = (
				en,
				Base,
			);
			mainGroup = 80CE643A245781110084A38B;
			productRefGroup = 80CE6444245781110084A38B /* Products */;
			projectDirPath = "";
			projectRoot = "";
			targets = (
				80CE6442245781110084A38B /* eggplant-brownie */,
			);
		};
/* End PBXProject section */

/* Begin PBXResourcesBuildPhase section */
		80CE6441245781110084A38B /* Resources */ = {
			isa = PBXResourcesBuildPhase;
			buildActionMask = 2147483647;
			files = (
				80CE6453245781130084A38B /* LaunchScreen.storyboard in Resources */,
				80CE6450245781130084A38B /* Assets.xcassets in Resources */,
				80FB110C2492849B00959020 /* AdicionarItensViewController.xib in Resources */,
				80CE644E245781110084A38B /* Main.storyboard in Resources */,
			);
			runOnlyForDeploymentPostprocessing = 0;
		};
/* End PBXResourcesBuildPhase section */

/* Begin PBXSourcesBuildPhase section */
		80CE643F245781110084A38B /* Sources */ = {
			isa = PBXSourcesBuildPhase;
			buildActionMask = 2147483647;
			files = (
				801C464124940E6D005B5124 /* Alerta.swift in Sources */,
				80862EAD245A2ECD00C77EBB /* Item.swift in Sources */,
				80CE644B245781110084A38B /* ViewController.swift in Sources */,
				801C4643249422DE005B5124 /* RemoveRefeicaoViewController.swift in Sources */,
				80C17B11249A59E5002D344B /* RefeicaoDao.swift in Sources */,
				80FB110B2492849B00959020 /* AdicionarItensViewController.swift in Sources */,
				80CE6447245781110084A38B /* AppDelegate.swift in Sources */,
				8097940924916F1300F42B45 /* RefeicoesTableViewController.swift in Sources */,
				80CE6449245781110084A38B /* SceneDelegate.swift in Sources */,
				80862EA9245A2D8F00C77EBB /* Refeicao.swift in Sources */,
			);
			runOnlyForDeploymentPostprocessing = 0;
		};
/* End PBXSourcesBuildPhase section */

/* Begin PBXVariantGroup section */
		80CE644C245781110084A38B /* Main.storyboard */ = {
			isa = PBXVariantGroup;
			children = (
				80CE644D245781110084A38B /* Base */,
			);
			name = Main.storyboard;
			sourceTree = "<group>";
		};
		80CE6451245781130084A38B /* LaunchScreen.storyboard */ = {
			isa = PBXVariantGroup;
			children = (
				80CE6452245781130084A38B /* Base */,
			);
			name = LaunchScreen.storyboard;
			sourceTree = "<group>";
		};
/* End PBXVariantGroup section */

/* Begin XCBuildConfiguration section */
		80CE6455245781130084A38B /* Debug */ = {
			isa = XCBuildConfiguration;
			buildSettings = {
				ALWAYS_SEARCH_USER_PATHS = NO;
				CLANG_ANALYZER_NONNULL = YES;
				CLANG_ANALYZER_NUMBER_OBJECT_CONVERSION = YES_AGGRESSIVE;
				CLANG_CXX_LANGUAGE_STANDARD = "gnu++14";
				CLANG_CXX_LIBRARY = "libc++";
				CLANG_ENABLE_MODULES = YES;
				CLANG_ENABLE_OBJC_ARC = YES;
				CLANG_ENABLE_OBJC_WEAK = YES;
				CLANG_WARN_BLOCK_CAPTURE_AUTORELEASING = YES;
				CLANG_WARN_BOOL_CONVERSION = YES;
				CLANG_WARN_COMMA = YES;
				CLANG_WARN_CONSTANT_CONVERSION = YES;
				CLANG_WARN_DEPRECATED_OBJC_IMPLEMENTATIONS = YES;
				CLANG_WARN_DIRECT_OBJC_ISA_USAGE = YES_ERROR;
				CLANG_WARN_DOCUMENTATION_COMMENTS = YES;
				CLANG_WARN_EMPTY_BODY = YES;
				CLANG_WARN_ENUM_CONVERSION = YES;
				CLANG_WARN_INFINITE_RECURSION = YES;
				CLANG_WARN_INT_CONVERSION = YES;
				CLANG_WARN_NON_LITERAL_NULL_CONVERSION = YES;
				CLANG_WARN_OBJC_IMPLICIT_RETAIN_SELF = YES;
				CLANG_WARN_OBJC_LITERAL_CONVERSION = YES;
				CLANG_WARN_OBJC_ROOT_CLASS = YES_ERROR;
				CLANG_WARN_RANGE_LOOP_ANALYSIS = YES;
				CLANG_WARN_STRICT_PROTOTYPES = YES;
				CLANG_WARN_SUSPICIOUS_MOVE = YES;
				CLANG_WARN_UNGUARDED_AVAILABILITY = YES_AGGRESSIVE;
				CLANG_WARN_UNREACHABLE_CODE = YES;
				CLANG_WARN__DUPLICATE_METHOD_MATCH = YES;
				COPY_PHASE_STRIP = NO;
				DEBUG_INFORMATION_FORMAT = dwarf;
				ENABLE_STRICT_OBJC_MSGSEND = YES;
				ENABLE_TESTABILITY = YES;
				GCC_C_LANGUAGE_STANDARD = gnu11;
				GCC_DYNAMIC_NO_PIC = NO;
				GCC_NO_COMMON_BLOCKS = YES;
				GCC_OPTIMIZATION_LEVEL = 0;
				GCC_PREPROCESSOR_DEFINITIONS = (
					"DEBUG=1",
					"$(inherited)",
				);
				GCC_WARN_64_TO_32_BIT_CONVERSION = YES;
				GCC_WARN_ABOUT_RETURN_TYPE = YES_ERROR;
				GCC_WARN_UNDECLARED_SELECTOR = YES;
				GCC_WARN_UNINITIALIZED_AUTOS = YES_AGGRESSIVE;
				GCC_WARN_UNUSED_FUNCTION = YES;
				GCC_WARN_UNUSED_VARIABLE = YES;
				IPHONEOS_DEPLOYMENT_TARGET = 13.4;
				MTL_ENABLE_DEBUG_INFO = INCLUDE_SOURCE;
				MTL_FAST_MATH = YES;
				ONLY_ACTIVE_ARCH = YES;
				SDKROOT = iphoneos;
				SWIFT_ACTIVE_COMPILATION_CONDITIONS = DEBUG;
				SWIFT_OPTIMIZATION_LEVEL = "-Onone";
			};
			name = Debug;
		};
		80CE6456245781130084A38B /* Release */ = {
			isa = XCBuildConfiguration;
			buildSettings = {
				ALWAYS_SEARCH_USER_PATHS = NO;
				CLANG_ANALYZER_NONNULL = YES;
				CLANG_ANALYZER_NUMBER_OBJECT_CONVERSION = YES_AGGRESSIVE;
				CLANG_CXX_LANGUAGE_STANDARD = "gnu++14";
				CLANG_CXX_LIBRARY = "libc++";
				CLANG_ENABLE_MODULES = YES;
				CLANG_ENABLE_OBJC_ARC = YES;
				CLANG_ENABLE_OBJC_WEAK = YES;
				CLANG_WARN_BLOCK_CAPTURE_AUTORELEASING = YES;
				CLANG_WARN_BOOL_CONVERSION = YES;
				CLANG_WARN_COMMA = YES;
				CLANG_WARN_CONSTANT_CONVERSION = YES;
				CLANG_WARN_DEPRECATED_OBJC_IMPLEMENTATIONS = YES;
				CLANG_WARN_DIRECT_OBJC_ISA_USAGE = YES_ERROR;
				CLANG_WARN_DOCUMENTATION_COMMENTS = YES;
				CLANG_WARN_EMPTY_BODY = YES;
				CLANG_WARN_ENUM_CONVERSION = YES;
				CLANG_WARN_INFINITE_RECURSION = YES;
				CLANG_WARN_INT_CONVERSION = YES;
				CLANG_WARN_NON_LITERAL_NULL_CONVERSION = YES;
				CLANG_WARN_OBJC_IMPLICIT_RETAIN_SELF = YES;
				CLANG_WARN_OBJC_LITERAL_CONVERSION = YES;
				CLANG_WARN_OBJC_ROOT_CLASS = YES_ERROR;
				CLANG_WARN_RANGE_LOOP_ANALYSIS = YES;
				CLANG_WARN_STRICT_PROTOTYPES = YES;
				CLANG_WARN_SUSPICIOUS_MOVE = YES;
				CLANG_WARN_UNGUARDED_AVAILABILITY = YES_AGGRESSIVE;
				CLANG_WARN_UNREACHABLE_CODE = YES;
				CLANG_WARN__DUPLICATE_METHOD_MATCH = YES;
				COPY_PHASE_STRIP = NO;
				DEBUG_INFORMATION_FORMAT = "dwarf-with-dsym";
				ENABLE_NS_ASSERTIONS = NO;
				ENABLE_STRICT_OBJC_MSGSEND = YES;
				GCC_C_LANGUAGE_STANDARD = gnu11;
				GCC_NO_COMMON_BLOCKS = YES;
				GCC_WARN_64_TO_32_BIT_CONVERSION = YES;
				GCC_WARN_ABOUT_RETURN_TYPE = YES_ERROR;
				GCC_WARN_UNDECLARED_SELECTOR = YES;
				GCC_WARN_UNINITIALIZED_AUTOS = YES_AGGRESSIVE;
				GCC_WARN_UNUSED_FUNCTION = YES;
				GCC_WARN_UNUSED_VARIABLE = YES;
				IPHONEOS_DEPLOYMENT_TARGET = 13.4;
				MTL_ENABLE_DEBUG_INFO = NO;
				MTL_FAST_MATH = YES;
				SDKROOT = iphoneos;
				SWIFT_COMPILATION_MODE = wholemodule;
				SWIFT_OPTIMIZATION_LEVEL = "-O";
				VALIDATE_PRODUCT = YES;
			};
			name = Release;
		};
		80CE6458245781130084A38B /* Debug */ = {
			isa = XCBuildConfiguration;
			buildSettings = {
				ASSETCATALOG_COMPILER_APPICON_NAME = AppIcon;
				CODE_SIGN_STYLE = Automatic;
				INFOPLIST_FILE = "eggplant-brownie/Info.plist";
				LD_RUNPATH_SEARCH_PATHS = (
					"$(inherited)",
					"@executable_path/Frameworks",
				);
				PRODUCT_BUNDLE_IDENTIFIER = "br.com.marciovcampos.eggplant-brownie";
				PRODUCT_NAME = "$(TARGET_NAME)";
				SWIFT_VERSION = 5.0;
				TARGETED_DEVICE_FAMILY = "1,2";
			};
			name = Debug;
		};
		80CE6459245781130084A38B /* Release */ = {
			isa = XCBuildConfiguration;
			buildSettings = {
				ASSETCATALOG_COMPILER_APPICON_NAME = AppIcon;
				CODE_SIGN_STYLE = Automatic;
				INFOPLIST_FILE = "eggplant-brownie/Info.plist";
				LD_RUNPATH_SEARCH_PATHS = (
					"$(inherited)",
					"@executable_path/Frameworks",
				);
				PRODUCT_BUNDLE_IDENTIFIER = "br.com.marciovcampos.eggplant-brownie";
				PRODUCT_NAME = "$(TARGET_NAME)";
				SWIFT_VERSION = 5.0;
				TARGETED_DEVICE_FAMILY = "1,2";
			};
			name = Release;
		};
/* End XCBuildConfiguration section */

/* Begin XCConfigurationList section */
		80CE643E245781110084A38B /* Build configuration list for PBXProject "eggplant-brownie" */ = {
			isa = XCConfigurationList;
			buildConfigurations = (
				80CE6455245781130084A38B /* Debug */,
				80CE6456245781130084A38B /* Release */,
			);
			defaultConfigurationIsVisible = 0;
			defaultConfigurationName = Release;
		};
		80CE6457245781130084A38B /* Build configuration list for PBXNativeTarget "eggplant-brownie" */ = {
			isa = XCConfigurationList;
			buildConfigurations = (
				80CE6458245781130084A38B /* Debug */,
				80CE6459245781130084A38B /* Release */,
			);
			defaultConfigurationIsVisible = 0;
			defaultConfigurationName = Release;
		};
/* End XCConfigurationList section */
	};
	rootObject = 80CE643B245781110084A38B /* Project object */;
}
